// !$*UTF8*$!
{
	archiveVersion = 1;
	classes = {
	};
	objectVersion = 46;
	objects = {

/* Begin PBXBuildFile section */
		8268A15C1C1CF14E00C5662C /* main.cpp in Sources */ = {isa = PBXBuildFile; fileRef = 8268A15B1C1CF14E00C5662C /* main.cpp */; };
		8268A1641C1CF1F600C5662C /* Stack.cpp in Sources */ = {isa = PBXBuildFile; fileRef = 8268A1621C1CF1F600C5662C /* Stack.cpp */; };
		8268A1671C1CF20100C5662C /* Node.cpp in Sources */ = {isa = PBXBuildFile; fileRef = 8268A1651C1CF20100C5662C /* Node.cpp */; };
/* End PBXBuildFile section */

/* Begin PBXCopyFilesBuildPhase section */
		8268A1561C1CF14E00C5662C /* CopyFiles */ = {
			isa = PBXCopyFilesBuildPhase;
			buildActionMask = 2147483647;
			dstPath = /usr/share/man/man1/;
			dstSubfolderSpec = 0;
			files = (
			);
			runOnlyForDeploymentPostprocessing = 1;
		};
/* End PBXCopyFilesBuildPhase section */

/* Begin PBXFileReference section */
		8268A1581C1CF14E00C5662C /* stacks */ = {isa = PBXFileReference; explicitFileType = "compiled.mach-o.executable"; includeInIndex = 0; path = stacks; sourceTree = BUILT_PRODUCTS_DIR; };
		8268A15B1C1CF14E00C5662C /* main.cpp */ = {isa = PBXFileReference; lastKnownFileType = sourcecode.cpp.cpp; path = main.cpp; sourceTree = "<group>"; };
		8268A1621C1CF1F600C5662C /* Stack.cpp */ = {isa = PBXFileReference; fileEncoding = 4; lastKnownFileType = sourcecode.cpp.cpp; path = Stack.cpp; sourceTree = "<group>"; };
		8268A1631C1CF1F600C5662C /* Stack.hpp */ = {isa = PBXFileReference; fileEncoding = 4; lastKnownFileType = sourcecode.cpp.h; path = Stack.hpp; sourceTree = "<group>"; };
		8268A1651C1CF20100C5662C /* Node.cpp */ = {isa = PBXFileReference; fileEncoding = 4; lastKnownFileType = sourcecode.cpp.cpp; path = Node.cpp; sourceTree = "<group>"; };
		8268A1661C1CF20100C5662C /* Node.hpp */ = {isa = PBXFileReference; fileEncoding = 4; lastKnownFileType = sourcecode.cpp.h; path = Node.hpp; sourceTree = "<group>"; };
/* End PBXFileReference section */

/* Begin PBXFrameworksBuildPhase section */
		8268A1551C1CF14E00C5662C /* Frameworks */ = {
			isa = PBXFrameworksBuildPhase;
			buildActionMask = 2147483647;
			files = (
			);
			runOnlyForDeploymentPostprocessing = 0;
		};
/* End PBXFrameworksBuildPhase section */

/* Begin PBXGroup section */
		8268A14F1C1CF14E00C5662C = {
			isa = PBXGroup;
			children = (
				8268A15A1C1CF14E00C5662C /* stacks */,
				8268A1591C1CF14E00C5662C /* Products */,
			);
			sourceTree = "<group>";
		};
		8268A1591C1CF14E00C5662C /* Products */ = {
			isa = PBXGroup;
			children = (
				8268A1581C1CF14E00C5662C /* stacks */,
			);
			name = Products;
			sourceTree = "<group>";
		};
		8268A15A1C1CF14E00C5662C /* stacks */ = {
			isa = PBXGroup;
			children = (
				8268A15B1C1CF14E00C5662C /* main.cpp */,
				8268A1651C1CF20100C5662C /* Node.cpp */,
				8268A1661C1CF20100C5662C /* Node.hpp */,
				8268A1621C1CF1F600C5662C /* Stack.cpp */,
				8268A1631C1CF1F600C5662C /* Stack.hpp */,
			);
			path = stacks;
			sourceTree = "<group>";
		};
/* End PBXGroup section */

/* Begin PBXNativeTarget section */
		8268A1571C1CF14E00C5662C /* stacks */ = {
			isa = PBXNativeTarget;
			buildConfigurationList = 8268A15F1C1CF14E00C5662C /* Build configuration list for PBXNativeTarget "stacks" */;
			buildPhases = (
				8268A1541C1CF14E00C5662C /* Sources */,
				8268A1551C1CF14E00C5662C /* Frameworks */,
				8268A1561C1CF14E00C5662C /* CopyFiles */,
			);
			buildRules = (
			);
			dependencies = (
			);
			name = stacks;
			productName = stacks;
			productReference = 8268A1581C1CF14E00C5662C /* stacks */;
			productType = "com.apple.product-type.tool";
		};
/* End PBXNativeTarget section */

/* Begin PBXProject section */
		8268A1501C1CF14E00C5662C /* Project object */ = {
			isa = PBXProject;
			attributes = {
				LastUpgradeCheck = 0710;
				ORGANIZATIONNAME = "John Liao";
				TargetAttributes = {
					8268A1571C1CF14E00C5662C = {
						CreatedOnToolsVersion = 7.1.1;
					};
				};
			};
			buildConfigurationList = 8268A1531C1CF14E00C5662C /* Build configuration list for PBXProject "stacks" */;
			compatibilityVersion = "Xcode 3.2";
			developmentRegion = English;
			hasScannedForEncodings = 0;
			knownRegions = (
				en,
			);
			mainGroup = 8268A14F1C1CF14E00C5662C;
			productRefGroup = 8268A1591C1CF14E00C5662C /* Products */;
			projectDirPath = "";
			projectRoot = "";
			targets = (
				8268A1571C1CF14E00C5662C /* stacks */,
			);
		};
/* End PBXProject section */

/* Begin PBXSourcesBuildPhase section */
		8268A1541C1CF14E00C5662C /* Sources */ = {
			isa = PBXSourcesBuildPhase;
			buildActionMask = 2147483647;
			files = (
				8268A1671C1CF20100C5662C /* Node.cpp in Sources */,
				8268A1641C1CF1F600C5662C /* Stack.cpp in Sources */,
				8268A15C1C1CF14E00C5662C /* main.cpp in Sources */,
			);
			runOnlyForDeploymentPostprocessing = 0;
		};
/* End PBXSourcesBuildPhase section */

/* Begin XCBuildConfiguration section */
		8268A15D1C1CF14E00C5662C /* Debug */ = {
			isa = XCBuildConfiguration;
			buildSettings = {
				ALWAYS_SEARCH_USER_PATHS = NO;
				CLANG_CXX_LANGUAGE_STANDARD = "gnu++0x";
				CLANG_CXX_LIBRARY = "libc++";
				CLANG_ENABLE_MODULES = YES;
				CLANG_ENABLE_OBJC_ARC = YES;
				CLANG_WARN_BOOL_CONVERSION = YES;
				CLANG_WARN_CONSTANT_CONVERSION = YES;
				CLANG_WARN_DIRECT_OBJC_ISA_USAGE = YES_ERROR;
				CLANG_WARN_EMPTY_BODY = YES;
				CLANG_WARN_ENUM_CONVERSION = YES;
				CLANG_WARN_INT_CONVERSION = YES;
				CLANG_WARN_OBJC_ROOT_CLASS = YES_ERROR;
				CLANG_WARN_UNREACHABLE_CODE = YES;
				CLANG_WARN__DUPLICATE_METHOD_MATCH = YES;
				CODE_SIGN_IDENTITY = "-";
				COPY_PHASE_STRIP = NO;
				DEBUG_INFORMATION_FORMAT = dwarf;
				ENABLE_STRICT_OBJC_MSGSEND = YES;
				ENABLE_TESTABILITY = YES;
				GCC_C_LANGUAGE_STANDARD = gnu99;
				GCC_DYNAMIC_NO_PIC = NO;
				GCC_NO_COMMON_BLOCKS = YES;
				GCC_OPTIMIZATION_LEVEL = 0;
				GCC_PREPROCESSOR_DEFINITIONS = (
					"DEBUG=1",
					"$(inherited)",
				);
				GCC_WARN_64_TO_32_BIT_CONVERSION = YES;
				GCC_WARN_ABOUT_RETURN_TYPE = YES_ERROR;
				GCC_WARN_UNDECLARED_SELECTOR = YES;
				GCC_WARN_UNINITIALIZED_AUTOS = YES_AGGRESSIVE;
				GCC_WARN_UNUSED_FUNCTION = YES;
				GCC_WARN_UNUSED_VARIABLE = YES;
				MACOSX_DEPLOYMENT_TARGET = 10.11;
				MTL_ENABLE_DEBUG_INFO = YES;
				ONLY_ACTIVE_ARCH = YES;
				SDKROOT = macosx;
			};
			name = Debug;
		};
		8268A15E1C1CF14E00C5662C /* Release */ = {
			isa = XCBuildConfiguration;
			buildSettings = {
				ALWAYS_SEARCH_USER_PATHS = NO;
				CLANG_CXX_LANGUAGE_STANDARD = "gnu++0x";
				CLANG_CXX_LIBRARY = "libc++";
				CLANG_ENABLE_MODULES = YES;
				CLANG_ENABLE_OBJC_ARC = YES;
				CLANG_WARN_BOOL_CONVERSION = YES;
				CLANG_WARN_CONSTANT_CONVERSION = YES;
				CLANG_WARN_DIRECT_OBJC_ISA_USAGE = YES_ERROR;
				CLANG_WARN_EMPTY_BODY = YES;
				CLANG_WARN_ENUM_CONVERSION = YES;
				CLANG_WARN_INT_CONVERSION = YES;
				CLANG_WARN_OBJC_ROOT_CLASS = YES_ERROR;
				CLANG_WARN_UNREACHABLE_CODE = YES;
				CLANG_WARN__DUPLICATE_METHOD_MATCH = YES;
				CODE_SIGN_IDENTITY = "-";
				COPY_PHASE_STRIP = NO;
				DEBUG_INFORMATION_FORMAT = "dwarf-with-dsym";
				ENABLE_NS_ASSERTIONS = NO;
				ENABLE_STRICT_OBJC_MSGSEND = YES;
				GCC_C_LANGUAGE_STANDARD = gnu99;
				GCC_NO_COMMON_BLOCKS = YES;
				GCC_WARN_64_TO_32_BIT_CONVERSION = YES;
				GCC_WARN_ABOUT_RETURN_TYPE = YES_ERROR;
				GCC_WARN_UNDECLARED_SELECTOR = YES;
				GCC_WARN_UNINITIALIZED_AUTOS = YES_AGGRESSIVE;
				GCC_WARN_UNUSED_FUNCTION = YES;
				GCC_WARN_UNUSED_VARIABLE = YES;
				MACOSX_DEPLOYMENT_TARGET = 10.11;
				MTL_ENABLE_DEBUG_INFO = NO;
				SDKROOT = macosx;
			};
			name = Release;
		};
		8268A1601C1CF14E00C5662C /* Debug */ = {
			isa = XCBuildConfiguration;
			buildSettings = {
				PRODUCT_NAME = "$(TARGET_NAME)";
			};
			name = Debug;
		};
		8268A1611C1CF14E00C5662C /* Release */ = {
			isa = XCBuildConfiguration;
			buildSettings = {
				PRODUCT_NAME = "$(TARGET_NAME)";
			};
			name = Release;
		};
/* End XCBuildConfiguration section */

/* Begin XCConfigurationList section */
		8268A1531C1CF14E00C5662C /* Build configuration list for PBXProject "stacks" */ = {
			isa = XCConfigurationList;
			buildConfigurations = (
				8268A15D1C1CF14E00C5662C /* Debug */,
				8268A15E1C1CF14E00C5662C /* Release */,
			);
			defaultConfigurationIsVisible = 0;
			defaultConfigurationName = Release;
		};
		8268A15F1C1CF14E00C5662C /* Build configuration list for PBXNativeTarget "stacks" */ = {
			isa = XCConfigurationList;
			buildConfigurations = (
				8268A1601C1CF14E00C5662C /* Debug */,
				8268A1611C1CF14E00C5662C /* Release */,
			);
			defaultConfigurationIsVisible = 0;
		};
/* End XCConfigurationList section */
	};
	rootObject = 8268A1501C1CF14E00C5662C /* Project object */;
}
