// !$*UTF8*$!
{
	archiveVersion = 1;
	classes = {
	};
	objectVersion = 46;
	objects = {

/* Begin PBXBuildFile section */
		825F034D1C1DFB90001BCE7F /* main.cpp in Sources */ = {isa = PBXBuildFile; fileRef = 825F034C1C1DFB90001BCE7F /* main.cpp */; };
		825F03551C1DFBFD001BCE7F /* Node.cpp in Sources */ = {isa = PBXBuildFile; fileRef = 825F03531C1DFBFD001BCE7F /* Node.cpp */; };
		825F03581C1DFC15001BCE7F /* Tree.cpp in Sources */ = {isa = PBXBuildFile; fileRef = 825F03561C1DFC15001BCE7F /* Tree.cpp */; };
/* End PBXBuildFile section */

/* Begin PBXCopyFilesBuildPhase section */
		825F03471C1DFB90001BCE7F /* CopyFiles */ = {
			isa = PBXCopyFilesBuildPhase;
			buildActionMask = 2147483647;
			dstPath = /usr/share/man/man1/;
			dstSubfolderSpec = 0;
			files = (
			);
			runOnlyForDeploymentPostprocessing = 1;
		};
/* End PBXCopyFilesBuildPhase section */

/* Begin PBXFileReference section */
		825F03491C1DFB90001BCE7F /* binary tree */ = {isa = PBXFileReference; explicitFileType = "compiled.mach-o.executable"; includeInIndex = 0; path = "binary tree"; sourceTree = BUILT_PRODUCTS_DIR; };
		825F034C1C1DFB90001BCE7F /* main.cpp */ = {isa = PBXFileReference; lastKnownFileType = sourcecode.cpp.cpp; path = main.cpp; sourceTree = "<group>"; };
		825F03531C1DFBFD001BCE7F /* Node.cpp */ = {isa = PBXFileReference; fileEncoding = 4; lastKnownFileType = sourcecode.cpp.cpp; path = Node.cpp; sourceTree = "<group>"; };
		825F03541C1DFBFD001BCE7F /* Node.hpp */ = {isa = PBXFileReference; fileEncoding = 4; lastKnownFileType = sourcecode.cpp.h; path = Node.hpp; sourceTree = "<group>"; };
		825F03561C1DFC15001BCE7F /* Tree.cpp */ = {isa = PBXFileReference; fileEncoding = 4; lastKnownFileType = sourcecode.cpp.cpp; path = Tree.cpp; sourceTree = "<group>"; };
		825F03571C1DFC15001BCE7F /* Tree.hpp */ = {isa = PBXFileReference; fileEncoding = 4; lastKnownFileType = sourcecode.cpp.h; path = Tree.hpp; sourceTree = "<group>"; };
/* End PBXFileReference section */

/* Begin PBXFrameworksBuildPhase section */
		825F03461C1DFB90001BCE7F /* Frameworks */ = {
			isa = PBXFrameworksBuildPhase;
			buildActionMask = 2147483647;
			files = (
			);
			runOnlyForDeploymentPostprocessing = 0;
		};
/* End PBXFrameworksBuildPhase section */

/* Begin PBXGroup section */
		825F03401C1DFB90001BCE7F = {
			isa = PBXGroup;
			children = (
				825F034B1C1DFB90001BCE7F /* binary tree */,
				825F034A1C1DFB90001BCE7F /* Products */,
			);
			sourceTree = "<group>";
		};
		825F034A1C1DFB90001BCE7F /* Products */ = {
			isa = PBXGroup;
			children = (
				825F03491C1DFB90001BCE7F /* binary tree */,
			);
			name = Products;
			sourceTree = "<group>";
		};
		825F034B1C1DFB90001BCE7F /* binary tree */ = {
			isa = PBXGroup;
			children = (
				825F034C1C1DFB90001BCE7F /* main.cpp */,
				825F03531C1DFBFD001BCE7F /* Node.cpp */,
				825F03541C1DFBFD001BCE7F /* Node.hpp */,
				825F03561C1DFC15001BCE7F /* Tree.cpp */,
				825F03571C1DFC15001BCE7F /* Tree.hpp */,
			);
			path = "binary tree";
			sourceTree = "<group>";
		};
/* End PBXGroup section */

/* Begin PBXNativeTarget section */
		825F03481C1DFB90001BCE7F /* binary tree */ = {
			isa = PBXNativeTarget;
			buildConfigurationList = 825F03501C1DFB90001BCE7F /* Build configuration list for PBXNativeTarget "binary tree" */;
			buildPhases = (
				825F03451C1DFB90001BCE7F /* Sources */,
				825F03461C1DFB90001BCE7F /* Frameworks */,
				825F03471C1DFB90001BCE7F /* CopyFiles */,
			);
			buildRules = (
			);
			dependencies = (
			);
			name = "binary tree";
			productName = "binary tree";
			productReference = 825F03491C1DFB90001BCE7F /* binary tree */;
			productType = "com.apple.product-type.tool";
		};
/* End PBXNativeTarget section */

/* Begin PBXProject section */
		825F03411C1DFB90001BCE7F /* Project object */ = {
			isa = PBXProject;
			attributes = {
				LastUpgradeCheck = 0720;
				ORGANIZATIONNAME = "John Liao";
				TargetAttributes = {
					825F03481C1DFB90001BCE7F = {
						CreatedOnToolsVersion = 7.2;
					};
				};
			};
			buildConfigurationList = 825F03441C1DFB90001BCE7F /* Build configuration list for PBXProject "binary tree" */;
			compatibilityVersion = "Xcode 3.2";
			developmentRegion = English;
			hasScannedForEncodings = 0;
			knownRegions = (
				en,
			);
			mainGroup = 825F03401C1DFB90001BCE7F;
			productRefGroup = 825F034A1C1DFB90001BCE7F /* Products */;
			projectDirPath = "";
			projectRoot = "";
			targets = (
				825F03481C1DFB90001BCE7F /* binary tree */,
			);
		};
/* End PBXProject section */

/* Begin PBXSourcesBuildPhase section */
		825F03451C1DFB90001BCE7F /* Sources */ = {
			isa = PBXSourcesBuildPhase;
			buildActionMask = 2147483647;
			files = (
				825F03581C1DFC15001BCE7F /* Tree.cpp in Sources */,
				825F034D1C1DFB90001BCE7F /* main.cpp in Sources */,
				825F03551C1DFBFD001BCE7F /* Node.cpp in Sources */,
			);
			runOnlyForDeploymentPostprocessing = 0;
		};
/* End PBXSourcesBuildPhase section */

/* Begin XCBuildConfiguration section */
		825F034E1C1DFB90001BCE7F /* Debug */ = {
			isa = XCBuildConfiguration;
			buildSettings = {
				ALWAYS_SEARCH_USER_PATHS = NO;
				CLANG_CXX_LANGUAGE_STANDARD = "gnu++0x";
				CLANG_CXX_LIBRARY = "libc++";
				CLANG_ENABLE_MODULES = YES;
				CLANG_ENABLE_OBJC_ARC = YES;
				CLANG_WARN_BOOL_CONVERSION = YES;
				CLANG_WARN_CONSTANT_CONVERSION = YES;
				CLANG_WARN_DIRECT_OBJC_ISA_USAGE = YES_ERROR;
				CLANG_WARN_EMPTY_BODY = YES;
				CLANG_WARN_ENUM_CONVERSION = YES;
				CLANG_WARN_INT_CONVERSION = YES;
				CLANG_WARN_OBJC_ROOT_CLASS = YES_ERROR;
				CLANG_WARN_UNREACHABLE_CODE = YES;
				CLANG_WARN__DUPLICATE_METHOD_MATCH = YES;
				CODE_SIGN_IDENTITY = "-";
				COPY_PHASE_STRIP = NO;
				DEBUG_INFORMATION_FORMAT = dwarf;
				ENABLE_STRICT_OBJC_MSGSEND = YES;
				ENABLE_TESTABILITY = YES;
				GCC_C_LANGUAGE_STANDARD = gnu99;
				GCC_DYNAMIC_NO_PIC = NO;
				GCC_NO_COMMON_BLOCKS = YES;
				GCC_OPTIMIZATION_LEVEL = 0;
				GCC_PREPROCESSOR_DEFINITIONS = (
					"DEBUG=1",
					"$(inherited)",
				);
				GCC_WARN_64_TO_32_BIT_CONVERSION = YES;
				GCC_WARN_ABOUT_RETURN_TYPE = YES_ERROR;
				GCC_WARN_UNDECLARED_SELECTOR = YES;
				GCC_WARN_UNINITIALIZED_AUTOS = YES_AGGRESSIVE;
				GCC_WARN_UNUSED_FUNCTION = YES;
				GCC_WARN_UNUSED_VARIABLE = YES;
				MACOSX_DEPLOYMENT_TARGET = 10.11;
				MTL_ENABLE_DEBUG_INFO = YES;
				ONLY_ACTIVE_ARCH = YES;
				SDKROOT = macosx;
			};
			name = Debug;
		};
		825F034F1C1DFB90001BCE7F /* Release */ = {
			isa = XCBuildConfiguration;
			buildSettings = {
				ALWAYS_SEARCH_USER_PATHS = NO;
				CLANG_CXX_LANGUAGE_STANDARD = "gnu++0x";
				CLANG_CXX_LIBRARY = "libc++";
				CLANG_ENABLE_MODULES = YES;
				CLANG_ENABLE_OBJC_ARC = YES;
				CLANG_WARN_BOOL_CONVERSION = YES;
				CLANG_WARN_CONSTANT_CONVERSION = YES;
				CLANG_WARN_DIRECT_OBJC_ISA_USAGE = YES_ERROR;
				CLANG_WARN_EMPTY_BODY = YES;
				CLANG_WARN_ENUM_CONVERSION = YES;
				CLANG_WARN_INT_CONVERSION = YES;
				CLANG_WARN_OBJC_ROOT_CLASS = YES_ERROR;
				CLANG_WARN_UNREACHABLE_CODE = YES;
				CLANG_WARN__DUPLICATE_METHOD_MATCH = YES;
				CODE_SIGN_IDENTITY = "-";
				COPY_PHASE_STRIP = NO;
				DEBUG_INFORMATION_FORMAT = "dwarf-with-dsym";
				ENABLE_NS_ASSERTIONS = NO;
				ENABLE_STRICT_OBJC_MSGSEND = YES;
				GCC_C_LANGUAGE_STANDARD = gnu99;
				GCC_NO_COMMON_BLOCKS = YES;
				GCC_WARN_64_TO_32_BIT_CONVERSION = YES;
				GCC_WARN_ABOUT_RETURN_TYPE = YES_ERROR;
				GCC_WARN_UNDECLARED_SELECTOR = YES;
				GCC_WARN_UNINITIALIZED_AUTOS = YES_AGGRESSIVE;
				GCC_WARN_UNUSED_FUNCTION = YES;
				GCC_WARN_UNUSED_VARIABLE = YES;
				MACOSX_DEPLOYMENT_TARGET = 10.11;
				MTL_ENABLE_DEBUG_INFO = NO;
				SDKROOT = macosx;
			};
			name = Release;
		};
		825F03511C1DFB90001BCE7F /* Debug */ = {
			isa = XCBuildConfiguration;
			buildSettings = {
				PRODUCT_NAME = "$(TARGET_NAME)";
			};
			name = Debug;
		};
		825F03521C1DFB90001BCE7F /* Release */ = {
			isa = XCBuildConfiguration;
			buildSettings = {
				PRODUCT_NAME = "$(TARGET_NAME)";
			};
			name = Release;
		};
/* End XCBuildConfiguration section */

/* Begin XCConfigurationList section */
		825F03441C1DFB90001BCE7F /* Build configuration list for PBXProject "binary tree" */ = {
			isa = XCConfigurationList;
			buildConfigurations = (
				825F034E1C1DFB90001BCE7F /* Debug */,
				825F034F1C1DFB90001BCE7F /* Release */,
			);
			defaultConfigurationIsVisible = 0;
			defaultConfigurationName = Release;
		};
		825F03501C1DFB90001BCE7F /* Build configuration list for PBXNativeTarget "binary tree" */ = {
			isa = XCConfigurationList;
			buildConfigurations = (
				825F03511C1DFB90001BCE7F /* Debug */,
				825F03521C1DFB90001BCE7F /* Release */,
			);
			defaultConfigurationIsVisible = 0;
		};
/* End XCConfigurationList section */
	};
	rootObject = 825F03411C1DFB90001BCE7F /* Project object */;
}
